Microsoft Visual Studio Solution File, Format Version 12.00
# Visual Studio Version 17
VisualStudioVersion = 17.5.2.0
MinimumVisualStudioVersion = 10.0.40219.1
Project("{FAE04EC0-301F-11D3-BF4B-00C04F79EFBC}") = "AbpDocsMd2PdfConverter", "AbpDocsMd2PdfConverter.csproj", "{B0C87E9D-7B18-FA62-70A3-30A5EE760C99}"
EndProject
Project("{FAE04EC0-301F-11D3-BF4B-00C04F79EFBC}") = "AbpChatBot", "..\AbpChatBot\AbpChatBot.csproj", "{5BE8C9D7-770C-4C6C-9D83-D8FF127CCE0E}"
EndProject
Global
	GlobalSection(SolutionConfigurationPlatforms) = preSolution
		Debug|Any CPU = Debug|Any CPU
		Release|Any CPU = Release|Any CPU
	EndGlobalSection
	GlobalSection(ProjectConfigurationPlatforms) = postSolution
		{B0C87E9D-7B18-FA62-70A3-30A5EE760C99}.Debug|Any CPU.ActiveCfg = Debug|Any CPU
		{B0C87E9D-7B18-FA62-70A3-30A5EE760C99}.Debug|Any CPU.Build.0 = Debug|Any CPU
		{B0C87E9D-7B18-FA62-70A3-30A5EE760C99}.Release|Any CPU.ActiveCfg = Release|Any CPU
		{B0C87E9D-7B18-FA62-70A3-30A5EE760C99}.Release|Any CPU.Build.0 = Release|Any CPU
		{5BE8C9D7-770C-4C6C-9D83-D8FF127CCE0E}.Debug|Any CPU.ActiveCfg = Debug|Any CPU
		{5BE8C9D7-770C-4C6C-9D83-D8FF127CCE0E}.Debug|Any CPU.Build.0 = Debug|Any CPU
		{5BE8C9D7-770C-4C6C-9D83-D8FF127CCE0E}.Release|Any CPU.ActiveCfg = Release|Any CPU
		{5BE8C9D7-770C-4C6C-9D83-D8FF127CCE0E}.Release|Any CPU.Build.0 = Release|Any CPU
	EndGlobalSection
	GlobalSection(SolutionProperties) = preSolution
		HideSolutionNode = FALSE
	EndGlobalSection
	GlobalSection(ExtensibilityGlobals) = postSolution
		SolutionGuid = {B339AB4F-7FE3-4309-8823-100EC580F8AB}
	EndGlobalSection
EndGlobal
