Microsoft Visual Studio Solution File, Format Version 12.00
# Visual Studio Version 17
VisualStudioVersion = 17.5.2.0
MinimumVisualStudioVersion = 10.0.40219.1
Project("{FAE04EC0-301F-11D3-BF4B-00C04F79EFBC}") = "AbpChatBot", "AbpChatBot.csproj", "{BA403DE7-4731-5CB6-255A-4ED4429F4311}"
EndProject
Global
	GlobalSection(SolutionConfigurationPlatforms) = preSolution
		Debug|Any CPU = Debug|Any CPU
		Release|Any CPU = Release|Any CPU
	EndGlobalSection
	GlobalSection(ProjectConfigurationPlatforms) = postSolution
		{BA403DE7-4731-5CB6-255A-4ED4429F4311}.Debug|Any CPU.ActiveCfg = Debug|Any CPU
		{BA403DE7-4731-5CB6-255A-4ED4429F4311}.Debug|Any CPU.Build.0 = Debug|Any CPU
		{BA403DE7-4731-5CB6-255A-4ED4429F4311}.Release|Any CPU.ActiveCfg = Release|Any CPU
		{BA403DE7-4731-5CB6-255A-4ED4429F4311}.Release|Any CPU.Build.0 = Release|Any CPU
	EndGlobalSection
	GlobalSection(SolutionProperties) = preSolution
		HideSolutionNode = FALSE
	EndGlobalSection
	GlobalSection(ExtensibilityGlobals) = postSolution
		SolutionGuid = {9BC4F51E-926C-4D53-A265-8B7B0BA3520B}
	EndGlobalSection
EndGlobal
